
Microsoft Visual Studio Solution File, Format Version 12.00
# Visual Studio Version 17
VisualStudioVersion = 17.10.35027.167
MinimumVisualStudioVersion = 10.0.40219.1
Project("{FAE04EC0-301F-11D3-BF4B-00C04F79EFBC}") = "TestTools", "TestTools\TestTools.csproj", "{312488C0-F8B7-470A-9FB1-9B19CB593697}"
EndProject
Global
	GlobalSection(SolutionConfigurationPlatforms) = preSolution
		Debug|Any CPU = Debug|Any CPU
		Release|Any CPU = Release|Any CPU
	EndGlobalSection
	GlobalSection(ProjectConfigurationPlatforms) = postSolution
		{312488C0-F8B7-470A-9FB1-9B19CB593697}.Debug|Any CPU.ActiveCfg = Debug|Any CPU
		{312488C0-F8B7-470A-9FB1-9B19CB593697}.Debug|Any CPU.Build.0 = Debug|Any CPU
		{312488C0-F8B7-470A-9FB1-9B19CB593697}.Release|Any CPU.ActiveCfg = Release|Any CPU
		{312488C0-F8B7-470A-9FB1-9B19CB593697}.Release|Any CPU.Build.0 = Release|Any CPU
	EndGlobalSection
	GlobalSection(SolutionProperties) = preSolution
		HideSolutionNode = FALSE
	EndGlobalSection
	GlobalSection(ExtensibilityGlobals) = postSolution
		SolutionGuid = {224B029F-53B0-4939-9DB7-1C596D09ADA9}
	EndGlobalSection
EndGlobal
